{
  "version": 4,
  "terraform_version": "1.3.2",
  "serial": 6,
  "lineage": "34374f8d-b70f-ffa5-960b-cb51bc1f92ec",
  "outputs": {
    "S3_BUCKET_NAME": {
      "value": "bootcamp29-360-abdul",
      "type": "string"
    },
    "kms_arn": {
      "value": "arn:aws:kms:eu-west-2:013488492501:key/5f0c9bf2-668b-4d1b-aa8a-9040b8580110",
      "type": "string"
    },
    "kms_id": {
      "value": "5f0c9bf2-668b-4d1b-aa8a-9040b8580110",
      "type": "string"
    },
    "sse": {
      "value": "bootcamp29-360-abdul",
      "type": "string"
    }
  },
  "resources": [
    {
      "mode": "managed",
      "type": "aws_kms_key",
      "name": "mykey",
      "provider": "provider[\"registry.terraform.io/hashicorp/aws\"]",
      "instances": [
        {
          "schema_version": 0,
          "attributes": {
            "arn": "arn:aws:kms:eu-west-2:013488492501:key/5f0c9bf2-668b-4d1b-aa8a-9040b8580110",
            "bypass_policy_lockout_safety_check": false,
            "custom_key_store_id": "",
            "customer_master_key_spec": "SYMMETRIC_DEFAULT",
            "deletion_window_in_days": 10,
            "description": "This key is used to encrypt bucket objects",
            "enable_key_rotation": false,
            "id": "5f0c9bf2-668b-4d1b-aa8a-9040b8580110",
            "is_enabled": true,
            "key_id": "5f0c9bf2-668b-4d1b-aa8a-9040b8580110",
            "key_usage": "ENCRYPT_DECRYPT",
            "multi_region": false,
            "policy": "{\"Id\":\"key-default-1\",\"Statement\":[{\"Action\":\"kms:*\",\"Effect\":\"Allow\",\"Principal\":{\"AWS\":\"arn:aws:iam::013488492501:root\"},\"Resource\":\"*\",\"Sid\":\"Enable IAM User Permissions\"}],\"Version\":\"2012-10-17\"}",
            "tags": null,
            "tags_all": {}
          },
          "sensitive_attributes": [],
          "private": "bnVsbA=="
        }
      ]
    },
    {
      "mode": "managed",
      "type": "aws_s3_bucket",
      "name": "bc",
      "provider": "provider[\"registry.terraform.io/hashicorp/aws\"]",
      "instances": [
        {
          "schema_version": 0,
          "attributes": {
            "acceleration_status": "",
            "acl": null,
            "arn": "arn:aws:s3:::bootcamp29-360-abdul",
            "bucket": "bootcamp29-360-abdul",
            "bucket_domain_name": "bootcamp29-360-abdul.s3.amazonaws.com",
            "bucket_prefix": null,
            "bucket_regional_domain_name": "bootcamp29-360-abdul.s3.eu-west-2.amazonaws.com",
            "cors_rule": [],
            "force_destroy": false,
            "grant": [
              {
                "id": "1b26fc1d2d9987f0643c3cd64485adefcb53c4a8010db79ca3b67b0a454283c7",
                "permissions": [
                  "FULL_CONTROL"
                ],
                "type": "CanonicalUser",
                "uri": ""
              }
            ],
            "hosted_zone_id": "Z3GKZC51ZF0DB4",
            "id": "bootcamp29-360-abdul",
            "lifecycle_rule": [],
            "logging": [],
            "object_lock_configuration": [],
            "object_lock_enabled": false,
            "policy": "",
            "region": "eu-west-2",
            "replication_configuration": [],
            "request_payer": "BucketOwner",
            "server_side_encryption_configuration": [],
            "tags": {
              "Environment": "Dev",
              "Name": "My-terraform-bucket"
            },
            "tags_all": {
              "Environment": "Dev",
              "Name": "My-terraform-bucket"
            },
            "timeouts": null,
            "versioning": [
              {
                "enabled": false,
                "mfa_delete": false
              }
            ],
            "website": [],
            "website_domain": null,
            "website_endpoint": null
          },
          "sensitive_attributes": [],
          "private": "eyJlMmJmYjczMC1lY2FhLTExZTYtOGY4OC0zNDM2M2JjN2M0YzAiOnsiY3JlYXRlIjoxMjAwMDAwMDAwMDAwLCJkZWxldGUiOjM2MDAwMDAwMDAwMDAsInJlYWQiOjEyMDAwMDAwMDAwMDAsInVwZGF0ZSI6MTIwMDAwMDAwMDAwMH19"
        }
      ]
    },
    {
      "mode": "managed",
      "type": "aws_s3_bucket_acl",
      "name": "example",
      "provider": "provider[\"registry.terraform.io/hashicorp/aws\"]",
      "instances": [
        {
          "schema_version": 0,
          "attributes": {
            "access_control_policy": [
              {
                "grant": [
                  {
                    "grantee": [
                      {
                        "display_name": "",
                        "email_address": "",
                        "id": "1b26fc1d2d9987f0643c3cd64485adefcb53c4a8010db79ca3b67b0a454283c7",
                        "type": "CanonicalUser",
                        "uri": ""
                      }
                    ],
                    "permission": "FULL_CONTROL"
                  }
                ],
                "owner": [
                  {
                    "display_name": "",
                    "id": "1b26fc1d2d9987f0643c3cd64485adefcb53c4a8010db79ca3b67b0a454283c7"
                  }
                ]
              }
            ],
            "acl": "private",
            "bucket": "bootcamp29-360-abdul",
            "expected_bucket_owner": "",
            "id": "bootcamp29-360-abdul,private"
          },
          "sensitive_attributes": [],
          "private": "bnVsbA==",
          "dependencies": [
            "aws_s3_bucket.bc"
          ]
        }
      ]
    },
    {
      "mode": "managed",
      "type": "aws_s3_bucket_server_side_encryption_configuration",
      "name": "ssl",
      "provider": "provider[\"registry.terraform.io/hashicorp/aws\"]",
      "instances": [
        {
          "schema_version": 0,
          "attributes": {
            "bucket": "bootcamp29-360-abdul",
            "expected_bucket_owner": "",
            "id": "bootcamp29-360-abdul",
            "rule": [
              {
                "apply_server_side_encryption_by_default": [
                  {
                    "kms_master_key_id": "arn:aws:kms:eu-west-2:013488492501:key/5f0c9bf2-668b-4d1b-aa8a-9040b8580110",
                    "sse_algorithm": "aws:kms"
                  }
                ],
                "bucket_key_enabled": null
              }
            ]
          },
          "sensitive_attributes": [],
          "private": "bnVsbA==",
          "dependencies": [
            "aws_kms_key.mykey",
            "aws_s3_bucket.bc"
          ]
        }
      ]
    },
    {
      "mode": "managed",
      "type": "aws_s3_bucket_versioning",
      "name": "versioning_example",
      "provider": "provider[\"registry.terraform.io/hashicorp/aws\"]",
      "instances": [
        {
          "schema_version": 0,
          "attributes": {
            "bucket": "bootcamp29-360-abdul",
            "expected_bucket_owner": "",
            "id": "bootcamp29-360-abdul",
            "mfa": null,
            "versioning_configuration": [
              {
                "mfa_delete": "",
                "status": "Enabled"
              }
            ]
          },
          "sensitive_attributes": [],
          "private": "bnVsbA==",
          "dependencies": [
            "aws_s3_bucket.bc"
          ]
        }
      ]
    }
  ],
  "check_results": []
}
